{
    "_readme": [
        "This file locks the dependencies of your project to a known state",
        "Read more about it at https://getcomposer.org/doc/01-basic-usage.md#composer-lock-the-lock-file",
        "This file is @generated automatically"
    ],
    "content-hash": "6fadbc112b257fd65694f6b8f39358b6",
    "packages": [
        {
            "name": "deviscoding/device",
            "version": "3.0.3",
            "source": {
                "type": "git",
                "url": "https://github.com/jonesiscoding/device.git",
                "reference": "13c906e6307ad68a53c9cfb978f62445297db65c"
            },
            "dist": {
                "type": "zip",
                "url": "https://api.github.com/repos/jonesiscoding/device/zipball/13c906e6307ad68a53c9cfb978f62445297db65c",
                "reference": "13c906e6307ad68a53c9cfb978f62445297db65c",
                "shasum": ""
            },
            "replace": {
                "exactquery/xq-detect": "^3.0"
            },
            "suggest": {
                "deviscoding/poly-pointer": "Psuedo-Polyfill for (pointer:coarse). Easy support of touch devices."
            },
            "type": "library",
            "autoload": {
                "psr-4": {
                    "XQ\\": "src"
                }
            },
            "notification-url": "https://packagist.org/downloads/",
            "license": [
                "MIT"
            ],
            "authors": [
                {
                    "name": "AMJones",
                    "homepage": "http://www.deviscoding.com"
                }
            ],
            "description": "Device feature detection via Vanilla JS with a PHP backup for server side detection.",
            "homepage": "https://github.com/jonesiscoding/device",
            "keywords": [
                "browser",
                "detection",
                "device",
                "feature",
                "hidpi",
                "javascript",
                "php",
                "retina",
                "touch"
            ],
            "time": "2018-05-08T14:13:02+00:00"
        }
    ],
    "packages-dev": [],
    "aliases": [],
    "minimum-stability": "stable",
    "stability-flags": [],
    "prefer-stable": false,
    "prefer-lowest": false,
    "platform": [],
    "platform-dev": []
}
