{
    "_readme": [
        "This file locks the dependencies of your project to a known state",
        "Read more about it at https://getcomposer.org/doc/01-basic-usage.md#installing-dependencies",
        "This file is @generated automatically"
    ],
    "content-hash": "99acbcf04128f72ca21e14a63835e744",
    "packages": [
        {
            "name": "deviscoding/device",
            "version": "4.0.1",
            "source": {
                "type": "git",
                "url": "https://github.com/jonesiscoding/device.git",
                "reference": "e314727ca0ffda423daa98fa32e0cadf418295cf"
            },
            "dist": {
                "type": "zip",
                "url": "https://api.github.com/repos/jonesiscoding/device/zipball/e314727ca0ffda423daa98fa32e0cadf418295cf",
                "reference": "e314727ca0ffda423daa98fa32e0cadf418295cf",
                "shasum": ""
            },
            "require": {
                "ext-json": "*"
            },
            "suggest": {
                "deviscoding/poly-pointer": "Psuedo-Polyfill for (pointer:coarse). Easy support of touch devices."
            },
            "type": "library",
            "autoload": {
                "psr-4": {
                    "DevCoding\\Device\\": "src/Device",
                    "DevCoding\\ValueObject\\": "src/ValueObject"
                }
            },
            "notification-url": "https://packagist.org/downloads/",
            "license": [
                "MIT"
            ],
            "authors": [
                {
                    "name": "AMJones",
                    "homepage": "http://www.deviscoding.com"
                }
            ],
            "description": "Device feature detection via Vanilla JS with a PHP backup for server side detection.",
            "homepage": "https://github.com/jonesiscoding/device",
            "keywords": [
                "browser",
                "detection",
                "device",
                "feature",
                "hidpi",
                "javascript",
                "php",
                "retina",
                "touch"
            ],
            "time": "2020-05-26T13:22:25+00:00"
        }
    ],
    "packages-dev": [],
    "aliases": [],
    "minimum-stability": "stable",
    "stability-flags": [],
    "prefer-stable": false,
    "prefer-lowest": false,
    "platform": [],
    "platform-dev": []
}
